// !$*UTF8*$!
{
	archiveVersion = 1;
	classes = {
	};
	objectVersion = 46;
	objects = {

/* Begin PBXBuildFile section */
		544ED9811C3D0A7500F53526 /* AppDelegate.swift in Sources */ = {isa = PBXBuildFile; fileRef = 544ED9801C3D0A7500F53526 /* AppDelegate.swift */; };
		544ED9831C3D0A7500F53526 /* ViewController.swift in Sources */ = {isa = PBXBuildFile; fileRef = 544ED9821C3D0A7500F53526 /* ViewController.swift */; };
		544ED9861C3D0A7500F53526 /* Main.storyboard in Resources */ = {isa = PBXBuildFile; fileRef = 544ED9841C3D0A7500F53526 /* Main.storyboard */; };
		544ED9881C3D0A7500F53526 /* Assets.xcassets in Resources */ = {isa = PBXBuildFile; fileRef = 544ED9871C3D0A7500F53526 /* Assets.xcassets */; };
		544ED98B1C3D0A7500F53526 /* LaunchScreen.storyboard in Resources */ = {isa = PBXBuildFile; fileRef = 544ED9891C3D0A7500F53526 /* LaunchScreen.storyboard */; };
		544ED9931C3D0EDF00F53526 /* testXML.xml in Resources */ = {isa = PBXBuildFile; fileRef = 544ED9921C3D0EDF00F53526 /* testXML.xml */; };
		548F12CB1C3E014A009794BD /* JSONKit.m in Sources */ = {isa = PBXBuildFile; fileRef = 548F12CA1C3E014A009794BD /* JSONKit.m */; settings = {COMPILER_FLAGS = "-fno-objc-arc"; }; };
		548F12CD1C3E07A7009794BD /* MyTestModel.swift in Sources */ = {isa = PBXBuildFile; fileRef = 548F12CC1C3E07A7009794BD /* MyTestModel.swift */; };
		548F12D31C3E0933009794BD /* Jastor.m in Sources */ = {isa = PBXBuildFile; fileRef = 548F12D01C3E0933009794BD /* Jastor.m */; settings = {COMPILER_FLAGS = "-fno-objc-arc"; }; };
		548F12D41C3E0933009794BD /* JastorRuntimeHelper.m in Sources */ = {isa = PBXBuildFile; fileRef = 548F12D21C3E0933009794BD /* JastorRuntimeHelper.m */; };
		548F12E91C3E3403009794BD /* AwesomeMenu.m in Sources */ = {isa = PBXBuildFile; fileRef = 548F12D71C3E3403009794BD /* AwesomeMenu.m */; };
		548F12EA1C3E3403009794BD /* AwesomeMenuItem.m in Sources */ = {isa = PBXBuildFile; fileRef = 548F12D91C3E3403009794BD /* AwesomeMenuItem.m */; };
		548F12EB1C3E3403009794BD /* bg-addbutton-highlighted.png in Resources */ = {isa = PBXBuildFile; fileRef = 548F12DB1C3E3403009794BD /* bg-addbutton-highlighted.png */; };
		548F12EC1C3E3403009794BD /* bg-addbutton-highlighted@2x.png in Resources */ = {isa = PBXBuildFile; fileRef = 548F12DC1C3E3403009794BD /* bg-addbutton-highlighted@2x.png */; };
		548F12ED1C3E3403009794BD /* bg-addbutton.png in Resources */ = {isa = PBXBuildFile; fileRef = 548F12DD1C3E3403009794BD /* bg-addbutton.png */; };
		548F12EE1C3E3403009794BD /* bg-addbutton@2x.png in Resources */ = {isa = PBXBuildFile; fileRef = 548F12DE1C3E3403009794BD /* bg-addbutton@2x.png */; };
		548F12EF1C3E3403009794BD /* bg-menuitem-highlighted.png in Resources */ = {isa = PBXBuildFile; fileRef = 548F12DF1C3E3403009794BD /* bg-menuitem-highlighted.png */; };
		548F12F01C3E3403009794BD /* bg-menuitem-highlighted@2x.png in Resources */ = {isa = PBXBuildFile; fileRef = 548F12E01C3E3403009794BD /* bg-menuitem-highlighted@2x.png */; };
		548F12F11C3E3403009794BD /* bg-menuitem.png in Resources */ = {isa = PBXBuildFile; fileRef = 548F12E11C3E3403009794BD /* bg-menuitem.png */; };
		548F12F21C3E3403009794BD /* bg-menuitem@2x.png in Resources */ = {isa = PBXBuildFile; fileRef = 548F12E21C3E3403009794BD /* bg-menuitem@2x.png */; };
		548F12F31C3E3403009794BD /* icon-plus-highlighted.png in Resources */ = {isa = PBXBuildFile; fileRef = 548F12E31C3E3403009794BD /* icon-plus-highlighted.png */; };
		548F12F41C3E3403009794BD /* icon-plus-highlighted@2x.png in Resources */ = {isa = PBXBuildFile; fileRef = 548F12E41C3E3403009794BD /* icon-plus-highlighted@2x.png */; };
		548F12F51C3E3403009794BD /* icon-plus.png in Resources */ = {isa = PBXBuildFile; fileRef = 548F12E51C3E3403009794BD /* icon-plus.png */; };
		548F12F61C3E3403009794BD /* icon-plus@2x.png in Resources */ = {isa = PBXBuildFile; fileRef = 548F12E61C3E3403009794BD /* icon-plus@2x.png */; };
		548F12F71C3E3403009794BD /* icon-star.png in Resources */ = {isa = PBXBuildFile; fileRef = 548F12E71C3E3403009794BD /* icon-star.png */; };
		548F12F81C3E3403009794BD /* icon-star@2x.png in Resources */ = {isa = PBXBuildFile; fileRef = 548F12E81C3E3403009794BD /* icon-star@2x.png */; };
		738DF0FF8F3C248F453EBE86 /* libPods.a in Frameworks */ = {isa = PBXBuildFile; fileRef = 2E453BF6B05A2F7525B11F70 /* libPods.a */; };
/* End PBXBuildFile section */

/* Begin PBXFileReference section */
		0DE3778732ACF875D363C64A /* Pods.debug.xcconfig */ = {isa = PBXFileReference; includeInIndex = 1; lastKnownFileType = text.xcconfig; name = Pods.debug.xcconfig; path = "Pods/Target Support Files/Pods/Pods.debug.xcconfig"; sourceTree = "<group>"; };
		2E453BF6B05A2F7525B11F70 /* libPods.a */ = {isa = PBXFileReference; explicitFileType = archive.ar; includeInIndex = 0; path = libPods.a; sourceTree = BUILT_PRODUCTS_DIR; };
		544ED97D1C3D0A7500F53526 /* LibraryQuoteTest.app */ = {isa = PBXFileReference; explicitFileType = wrapper.application; includeInIndex = 0; path = LibraryQuoteTest.app; sourceTree = BUILT_PRODUCTS_DIR; };
		544ED9801C3D0A7500F53526 /* AppDelegate.swift */ = {isa = PBXFileReference; lastKnownFileType = sourcecode.swift; path = AppDelegate.swift; sourceTree = "<group>"; };
		544ED9821C3D0A7500F53526 /* ViewController.swift */ = {isa = PBXFileReference; lastKnownFileType = sourcecode.swift; path = ViewController.swift; sourceTree = "<group>"; };
		544ED9851C3D0A7500F53526 /* Base */ = {isa = PBXFileReference; lastKnownFileType = file.storyboard; name = Base; path = Base.lproj/Main.storyboard; sourceTree = "<group>"; };
		544ED9871C3D0A7500F53526 /* Assets.xcassets */ = {isa = PBXFileReference; lastKnownFileType = folder.assetcatalog; path = Assets.xcassets; sourceTree = "<group>"; };
		544ED98A1C3D0A7500F53526 /* Base */ = {isa = PBXFileReference; lastKnownFileType = file.storyboard; name = Base; path = Base.lproj/LaunchScreen.storyboard; sourceTree = "<group>"; };
		544ED98C1C3D0A7500F53526 /* Info.plist */ = {isa = PBXFileReference; lastKnownFileType = text.plist.xml; path = Info.plist; sourceTree = "<group>"; };
		544ED9921C3D0EDF00F53526 /* testXML.xml */ = {isa = PBXFileReference; fileEncoding = 4; lastKnownFileType = text.xml; path = testXML.xml; sourceTree = "<group>"; };
		544ED9941C3D0F9100F53526 /* BrigeHeader.h */ = {isa = PBXFileReference; lastKnownFileType = sourcecode.c.h; path = BrigeHeader.h; sourceTree = "<group>"; };
		544ED9951C3D100400F53526 /* LibraryQuote-PrefixHeader.pch */ = {isa = PBXFileReference; lastKnownFileType = sourcecode.c.h; path = "LibraryQuote-PrefixHeader.pch"; sourceTree = "<group>"; };
		548F12C91C3E014A009794BD /* JSONKit.h */ = {isa = PBXFileReference; fileEncoding = 4; lastKnownFileType = sourcecode.c.h; path = JSONKit.h; sourceTree = "<group>"; };
		548F12CA1C3E014A009794BD /* JSONKit.m */ = {isa = PBXFileReference; fileEncoding = 4; lastKnownFileType = sourcecode.c.objc; path = JSONKit.m; sourceTree = "<group>"; };
		548F12CC1C3E07A7009794BD /* MyTestModel.swift */ = {isa = PBXFileReference; fileEncoding = 4; lastKnownFileType = sourcecode.swift; path = MyTestModel.swift; sourceTree = "<group>"; };
		548F12CF1C3E0933009794BD /* Jastor.h */ = {isa = PBXFileReference; fileEncoding = 4; lastKnownFileType = sourcecode.c.h; path = Jastor.h; sourceTree = "<group>"; };
		548F12D01C3E0933009794BD /* Jastor.m */ = {isa = PBXFileReference; fileEncoding = 4; lastKnownFileType = sourcecode.c.objc; path = Jastor.m; sourceTree = "<group>"; };
		548F12D11C3E0933009794BD /* JastorRuntimeHelper.h */ = {isa = PBXFileReference; fileEncoding = 4; lastKnownFileType = sourcecode.c.h; path = JastorRuntimeHelper.h; sourceTree = "<group>"; };
		548F12D21C3E0933009794BD /* JastorRuntimeHelper.m */ = {isa = PBXFileReference; fileEncoding = 4; lastKnownFileType = sourcecode.c.objc; path = JastorRuntimeHelper.m; sourceTree = "<group>"; };
		548F12D61C3E3403009794BD /* AwesomeMenu.h */ = {isa = PBXFileReference; fileEncoding = 4; lastKnownFileType = sourcecode.c.h; path = AwesomeMenu.h; sourceTree = "<group>"; };
		548F12D71C3E3403009794BD /* AwesomeMenu.m */ = {isa = PBXFileReference; fileEncoding = 4; lastKnownFileType = sourcecode.c.objc; path = AwesomeMenu.m; sourceTree = "<group>"; };
		548F12D81C3E3403009794BD /* AwesomeMenuItem.h */ = {isa = PBXFileReference; fileEncoding = 4; lastKnownFileType = sourcecode.c.h; path = AwesomeMenuItem.h; sourceTree = "<group>"; };
		548F12D91C3E3403009794BD /* AwesomeMenuItem.m */ = {isa = PBXFileReference; fileEncoding = 4; lastKnownFileType = sourcecode.c.objc; path = AwesomeMenuItem.m; sourceTree = "<group>"; };
		548F12DB1C3E3403009794BD /* bg-addbutton-highlighted.png */ = {isa = PBXFileReference; lastKnownFileType = image.png; path = "bg-addbutton-highlighted.png"; sourceTree = "<group>"; };
		548F12DC1C3E3403009794BD /* bg-addbutton-highlighted@2x.png */ = {isa = PBXFileReference; lastKnownFileType = image.png; path = "bg-addbutton-highlighted@2x.png"; sourceTree = "<group>"; };
		548F12DD1C3E3403009794BD /* bg-addbutton.png */ = {isa = PBXFileReference; lastKnownFileType = image.png; path = "bg-addbutton.png"; sourceTree = "<group>"; };
		548F12DE1C3E3403009794BD /* bg-addbutton@2x.png */ = {isa = PBXFileReference; lastKnownFileType = image.png; path = "bg-addbutton@2x.png"; sourceTree = "<group>"; };
		548F12DF1C3E3403009794BD /* bg-menuitem-highlighted.png */ = {isa = PBXFileReference; lastKnownFileType = image.png; path = "bg-menuitem-highlighted.png"; sourceTree = "<group>"; };
		548F12E01C3E3403009794BD /* bg-menuitem-highlighted@2x.png */ = {isa = PBXFileReference; lastKnownFileType = image.png; path = "bg-menuitem-highlighted@2x.png"; sourceTree = "<group>"; };
		548F12E11C3E3403009794BD /* bg-menuitem.png */ = {isa = PBXFileReference; lastKnownFileType = image.png; path = "bg-menuitem.png"; sourceTree = "<group>"; };
		548F12E21C3E3403009794BD /* bg-menuitem@2x.png */ = {isa = PBXFileReference; lastKnownFileType = image.png; path = "bg-menuitem@2x.png"; sourceTree = "<group>"; };
		548F12E31C3E3403009794BD /* icon-plus-highlighted.png */ = {isa = PBXFileReference; lastKnownFileType = image.png; path = "icon-plus-highlighted.png"; sourceTree = "<group>"; };
		548F12E41C3E3403009794BD /* icon-plus-highlighted@2x.png */ = {isa = PBXFileReference; lastKnownFileType = image.png; path = "icon-plus-highlighted@2x.png"; sourceTree = "<group>"; };
		548F12E51C3E3403009794BD /* icon-plus.png */ = {isa = PBXFileReference; lastKnownFileType = image.png; path = "icon-plus.png"; sourceTree = "<group>"; };
		548F12E61C3E3403009794BD /* icon-plus@2x.png */ = {isa = PBXFileReference; lastKnownFileType = image.png; path = "icon-plus@2x.png"; sourceTree = "<group>"; };
		548F12E71C3E3403009794BD /* icon-star.png */ = {isa = PBXFileReference; lastKnownFileType = image.png; path = "icon-star.png"; sourceTree = "<group>"; };
		548F12E81C3E3403009794BD /* icon-star@2x.png */ = {isa = PBXFileReference; lastKnownFileType = image.png; path = "icon-star@2x.png"; sourceTree = "<group>"; };
		71BABBF0887F1D467A36416F /* Pods.release.xcconfig */ = {isa = PBXFileReference; includeInIndex = 1; lastKnownFileType = text.xcconfig; name = Pods.release.xcconfig; path = "Pods/Target Support Files/Pods/Pods.release.xcconfig"; sourceTree = "<group>"; };
/* End PBXFileReference section */

/* Begin PBXFrameworksBuildPhase section */
		544ED97A1C3D0A7500F53526 /* Frameworks */ = {
			isa = PBXFrameworksBuildPhase;
			buildActionMask = 2147483647;
			files = (
				738DF0FF8F3C248F453EBE86 /* libPods.a in Frameworks */,
			);
			runOnlyForDeploymentPostprocessing = 0;
		};
/* End PBXFrameworksBuildPhase section */

/* Begin PBXGroup section */
		0394A9F6BC63462F4072FD72 /* Frameworks */ = {
			isa = PBXGroup;
			children = (
				2E453BF6B05A2F7525B11F70 /* libPods.a */,
			);
			name = Frameworks;
			sourceTree = "<group>";
		};
		544ED9741C3D0A7500F53526 = {
			isa = PBXGroup;
			children = (
				544ED97F1C3D0A7500F53526 /* LibraryQuoteTest */,
				544ED97E1C3D0A7500F53526 /* Products */,
				A599BE7AB6E0751702DED4DE /* Pods */,
				0394A9F6BC63462F4072FD72 /* Frameworks */,
			);
			sourceTree = "<group>";
		};
		544ED97E1C3D0A7500F53526 /* Products */ = {
			isa = PBXGroup;
			children = (
				544ED97D1C3D0A7500F53526 /* LibraryQuoteTest.app */,
			);
			name = Products;
			sourceTree = "<group>";
		};
		544ED97F1C3D0A7500F53526 /* LibraryQuoteTest */ = {
			isa = PBXGroup;
			children = (
				544ED9921C3D0EDF00F53526 /* testXML.xml */,
				544ED9801C3D0A7500F53526 /* AppDelegate.swift */,
				544ED9821C3D0A7500F53526 /* ViewController.swift */,
				544ED9841C3D0A7500F53526 /* Main.storyboard */,
				544ED9871C3D0A7500F53526 /* Assets.xcassets */,
				544ED9891C3D0A7500F53526 /* LaunchScreen.storyboard */,
				544ED98C1C3D0A7500F53526 /* Info.plist */,
				544ED9941C3D0F9100F53526 /* BrigeHeader.h */,
				544ED9951C3D100400F53526 /* LibraryQuote-PrefixHeader.pch */,
				548F12C91C3E014A009794BD /* JSONKit.h */,
				548F12CA1C3E014A009794BD /* JSONKit.m */,
				548F12CC1C3E07A7009794BD /* MyTestModel.swift */,
				548F12D51C3E3403009794BD /* AwesomeMenu */,
				548F12DA1C3E3403009794BD /* Images */,
				548F12CE1C3E0933009794BD /* Jastor */,
			);
			path = LibraryQuoteTest;
			sourceTree = "<group>";
		};
		548F12CE1C3E0933009794BD /* Jastor */ = {
			isa = PBXGroup;
			children = (
				548F12CF1C3E0933009794BD /* Jastor.h */,
				548F12D01C3E0933009794BD /* Jastor.m */,
				548F12D11C3E0933009794BD /* JastorRuntimeHelper.h */,
				548F12D21C3E0933009794BD /* JastorRuntimeHelper.m */,
			);
			path = Jastor;
			sourceTree = "<group>";
		};
		548F12D51C3E3403009794BD /* AwesomeMenu */ = {
			isa = PBXGroup;
			children = (
				548F12D61C3E3403009794BD /* AwesomeMenu.h */,
				548F12D71C3E3403009794BD /* AwesomeMenu.m */,
				548F12D81C3E3403009794BD /* AwesomeMenuItem.h */,
				548F12D91C3E3403009794BD /* AwesomeMenuItem.m */,
			);
			path = AwesomeMenu;
			sourceTree = "<group>";
		};
		548F12DA1C3E3403009794BD /* Images */ = {
			isa = PBXGroup;
			children = (
				548F12DB1C3E3403009794BD /* bg-addbutton-highlighted.png */,
				548F12DC1C3E3403009794BD /* bg-addbutton-highlighted@2x.png */,
				548F12DD1C3E3403009794BD /* bg-addbutton.png */,
				548F12DE1C3E3403009794BD /* bg-addbutton@2x.png */,
				548F12DF1C3E3403009794BD /* bg-menuitem-highlighted.png */,
				548F12E01C3E3403009794BD /* bg-menuitem-highlighted@2x.png */,
				548F12E11C3E3403009794BD /* bg-menuitem.png */,
				548F12E21C3E3403009794BD /* bg-menuitem@2x.png */,
				548F12E31C3E3403009794BD /* icon-plus-highlighted.png */,
				548F12E41C3E3403009794BD /* icon-plus-highlighted@2x.png */,
				548F12E51C3E3403009794BD /* icon-plus.png */,
				548F12E61C3E3403009794BD /* icon-plus@2x.png */,
				548F12E71C3E3403009794BD /* icon-star.png */,
				548F12E81C3E3403009794BD /* icon-star@2x.png */,
			);
			path = Images;
			sourceTree = "<group>";
		};
		A599BE7AB6E0751702DED4DE /* Pods */ = {
			isa = PBXGroup;
			children = (
				0DE3778732ACF875D363C64A /* Pods.debug.xcconfig */,
				71BABBF0887F1D467A36416F /* Pods.release.xcconfig */,
			);
			name = Pods;
			sourceTree = "<group>";
		};
/* End PBXGroup section */

/* Begin PBXNativeTarget section */
		544ED97C1C3D0A7500F53526 /* LibraryQuoteTest */ = {
			isa = PBXNativeTarget;
			buildConfigurationList = 544ED98F1C3D0A7500F53526 /* Build configuration list for PBXNativeTarget "LibraryQuoteTest" */;
			buildPhases = (
				040D07C30921C42464FF0FD4 /* Check Pods Manifest.lock */,
				544ED9791C3D0A7500F53526 /* Sources */,
				544ED97A1C3D0A7500F53526 /* Frameworks */,
				544ED97B1C3D0A7500F53526 /* Resources */,
				9DE7FAC7DC9E57C84D940D33 /* Embed Pods Frameworks */,
				2244D7A3F607541B3CF35FF8 /* Copy Pods Resources */,
			);
			buildRules = (
			);
			dependencies = (
			);
			name = LibraryQuoteTest;
			productName = LibraryQuoteTest;
			productReference = 544ED97D1C3D0A7500F53526 /* LibraryQuoteTest.app */;
			productType = "com.apple.product-type.application";
		};
/* End PBXNativeTarget section */

/* Begin PBXProject section */
		544ED9751C3D0A7500F53526 /* Project object */ = {
			isa = PBXProject;
			attributes = {
				LastSwiftUpdateCheck = 0720;
				LastUpgradeCheck = 0720;
				ORGANIZATIONNAME = zjhaha;
				TargetAttributes = {
					544ED97C1C3D0A7500F53526 = {
						CreatedOnToolsVersion = 7.2;
					};
				};
			};
			buildConfigurationList = 544ED9781C3D0A7500F53526 /* Build configuration list for PBXProject "LibraryQuoteTest" */;
			compatibilityVersion = "Xcode 3.2";
			developmentRegion = English;
			hasScannedForEncodings = 0;
			knownRegions = (
				en,
				Base,
			);
			mainGroup = 544ED9741C3D0A7500F53526;
			productRefGroup = 544ED97E1C3D0A7500F53526 /* Products */;
			projectDirPath = "";
			projectRoot = "";
			targets = (
				544ED97C1C3D0A7500F53526 /* LibraryQuoteTest */,
			);
		};
/* End PBXProject section */

/* Begin PBXResourcesBuildPhase section */
		544ED97B1C3D0A7500F53526 /* Resources */ = {
			isa = PBXResourcesBuildPhase;
			buildActionMask = 2147483647;
			files = (
				548F12ED1C3E3403009794BD /* bg-addbutton.png in Resources */,
				544ED98B1C3D0A7500F53526 /* LaunchScreen.storyboard in Resources */,
				548F12F11C3E3403009794BD /* bg-menuitem.png in Resources */,
				548F12EC1C3E3403009794BD /* bg-addbutton-highlighted@2x.png in Resources */,
				548F12F51C3E3403009794BD /* icon-plus.png in Resources */,
				548F12F31C3E3403009794BD /* icon-plus-highlighted.png in Resources */,
				548F12EE1C3E3403009794BD /* bg-addbutton@2x.png in Resources */,
				548F12F81C3E3403009794BD /* icon-star@2x.png in Resources */,
				548F12F61C3E3403009794BD /* icon-plus@2x.png in Resources */,
				548F12F21C3E3403009794BD /* bg-menuitem@2x.png in Resources */,
				544ED9881C3D0A7500F53526 /* Assets.xcassets in Resources */,
				544ED9861C3D0A7500F53526 /* Main.storyboard in Resources */,
				548F12F41C3E3403009794BD /* icon-plus-highlighted@2x.png in Resources */,
				548F12F71C3E3403009794BD /* icon-star.png in Resources */,
				548F12EF1C3E3403009794BD /* bg-menuitem-highlighted.png in Resources */,
				548F12F01C3E3403009794BD /* bg-menuitem-highlighted@2x.png in Resources */,
				544ED9931C3D0EDF00F53526 /* testXML.xml in Resources */,
				548F12EB1C3E3403009794BD /* bg-addbutton-highlighted.png in Resources */,
			);
			runOnlyForDeploymentPostprocessing = 0;
		};
/* End PBXResourcesBuildPhase section */

/* Begin PBXShellScriptBuildPhase section */
		040D07C30921C42464FF0FD4 /* Check Pods Manifest.lock */ = {
			isa = PBXShellScriptBuildPhase;
			buildActionMask = 2147483647;
			files = (
			);
			inputPaths = (
			);
			name = "Check Pods Manifest.lock";
			outputPaths = (
			);
			runOnlyForDeploymentPostprocessing = 0;
			shellPath = /bin/sh;
			shellScript = "diff \"${PODS_ROOT}/../Podfile.lock\" \"${PODS_ROOT}/Manifest.lock\" > /dev/null\nif [[ $? != 0 ]] ; then\n    cat << EOM\nerror: The sandbox is not in sync with the Podfile.lock. Run 'pod install' or update your CocoaPods installation.\nEOM\n    exit 1\nfi\n";
			showEnvVarsInLog = 0;
		};
		2244D7A3F607541B3CF35FF8 /* Copy Pods Resources */ = {
			isa = PBXShellScriptBuildPhase;
			buildActionMask = 2147483647;
			files = (
			);
			inputPaths = (
			);
			name = "Copy Pods Resources";
			outputPaths = (
			);
			runOnlyForDeploymentPostprocessing = 0;
			shellPath = /bin/sh;
			shellScript = "\"${SRCROOT}/Pods/Target Support Files/Pods/Pods-resources.sh\"\n";
			showEnvVarsInLog = 0;
		};
		9DE7FAC7DC9E57C84D940D33 /* Embed Pods Frameworks */ = {
			isa = PBXShellScriptBuildPhase;
			buildActionMask = 2147483647;
			files = (
			);
			inputPaths = (
			);
			name = "Embed Pods Frameworks";
			outputPaths = (
			);
			runOnlyForDeploymentPostprocessing = 0;
			shellPath = /bin/sh;
			shellScript = "\"${SRCROOT}/Pods/Target Support Files/Pods/Pods-frameworks.sh\"\n";
			showEnvVarsInLog = 0;
		};
/* End PBXShellScriptBuildPhase section */

/* Begin PBXSourcesBuildPhase section */
		544ED9791C3D0A7500F53526 /* Sources */ = {
			isa = PBXSourcesBuildPhase;
			buildActionMask = 2147483647;
			files = (
				544ED9831C3D0A7500F53526 /* ViewController.swift in Sources */,
				548F12EA1C3E3403009794BD /* AwesomeMenuItem.m in Sources */,
				544ED9811C3D0A7500F53526 /* AppDelegate.swift in Sources */,
				548F12CB1C3E014A009794BD /* JSONKit.m in Sources */,
				548F12D41C3E0933009794BD /* JastorRuntimeHelper.m in Sources */,
				548F12CD1C3E07A7009794BD /* MyTestModel.swift in Sources */,
				548F12E91C3E3403009794BD /* AwesomeMenu.m in Sources */,
				548F12D31C3E0933009794BD /* Jastor.m in Sources */,
			);
			runOnlyForDeploymentPostprocessing = 0;
		};
/* End PBXSourcesBuildPhase section */

/* Begin PBXVariantGroup section */
		544ED9841C3D0A7500F53526 /* Main.storyboard */ = {
			isa = PBXVariantGroup;
			children = (
				544ED9851C3D0A7500F53526 /* Base */,
			);
			name = Main.storyboard;
			sourceTree = "<group>";
		};
		544ED9891C3D0A7500F53526 /* LaunchScreen.storyboard */ = {
			isa = PBXVariantGroup;
			children = (
				544ED98A1C3D0A7500F53526 /* Base */,
			);
			name = LaunchScreen.storyboard;
			sourceTree = "<group>";
		};
/* End PBXVariantGroup section */

/* Begin XCBuildConfiguration section */
		544ED98D1C3D0A7500F53526 /* Debug */ = {
			isa = XCBuildConfiguration;
			buildSettings = {
				ALWAYS_SEARCH_USER_PATHS = NO;
				CLANG_CXX_LANGUAGE_STANDARD = "gnu++0x";
				CLANG_CXX_LIBRARY = "libc++";
				CLANG_ENABLE_MODULES = YES;
				CLANG_ENABLE_OBJC_ARC = YES;
				CLANG_WARN_BOOL_CONVERSION = YES;
				CLANG_WARN_CONSTANT_CONVERSION = YES;
				CLANG_WARN_DIRECT_OBJC_ISA_USAGE = YES_ERROR;
				CLANG_WARN_EMPTY_BODY = YES;
				CLANG_WARN_ENUM_CONVERSION = YES;
				CLANG_WARN_INT_CONVERSION = YES;
				CLANG_WARN_OBJC_ROOT_CLASS = YES_ERROR;
				CLANG_WARN_UNREACHABLE_CODE = YES;
				CLANG_WARN__DUPLICATE_METHOD_MATCH = YES;
				"CODE_SIGN_IDENTITY[sdk=iphoneos*]" = "iPhone Developer";
				COPY_PHASE_STRIP = NO;
				DEBUG_INFORMATION_FORMAT = dwarf;
				ENABLE_STRICT_OBJC_MSGSEND = YES;
				ENABLE_TESTABILITY = YES;
				GCC_C_LANGUAGE_STANDARD = gnu99;
				GCC_DYNAMIC_NO_PIC = NO;
				GCC_NO_COMMON_BLOCKS = YES;
				GCC_OPTIMIZATION_LEVEL = 0;
				GCC_PREPROCESSOR_DEFINITIONS = (
					"DEBUG=1",
					"$(inherited)",
				);
				GCC_WARN_64_TO_32_BIT_CONVERSION = YES;
				GCC_WARN_ABOUT_RETURN_TYPE = YES_ERROR;
				GCC_WARN_UNDECLARED_SELECTOR = YES;
				GCC_WARN_UNINITIALIZED_AUTOS = YES_AGGRESSIVE;
				GCC_WARN_UNUSED_FUNCTION = YES;
				GCC_WARN_UNUSED_VARIABLE = YES;
				IPHONEOS_DEPLOYMENT_TARGET = 9.2;
				MTL_ENABLE_DEBUG_INFO = YES;
				ONLY_ACTIVE_ARCH = YES;
				SDKROOT = iphoneos;
				SWIFT_OPTIMIZATION_LEVEL = "-Onone";
			};
			name = Debug;
		};
		544ED98E1C3D0A7500F53526 /* Release */ = {
			isa = XCBuildConfiguration;
			buildSettings = {
				ALWAYS_SEARCH_USER_PATHS = NO;
				CLANG_CXX_LANGUAGE_STANDARD = "gnu++0x";
				CLANG_CXX_LIBRARY = "libc++";
				CLANG_ENABLE_MODULES = YES;
				CLANG_ENABLE_OBJC_ARC = YES;
				CLANG_WARN_BOOL_CONVERSION = YES;
				CLANG_WARN_CONSTANT_CONVERSION = YES;
				CLANG_WARN_DIRECT_OBJC_ISA_USAGE = YES_ERROR;
				CLANG_WARN_EMPTY_BODY = YES;
				CLANG_WARN_ENUM_CONVERSION = YES;
				CLANG_WARN_INT_CONVERSION = YES;
				CLANG_WARN_OBJC_ROOT_CLASS = YES_ERROR;
				CLANG_WARN_UNREACHABLE_CODE = YES;
				CLANG_WARN__DUPLICATE_METHOD_MATCH = YES;
				"CODE_SIGN_IDENTITY[sdk=iphoneos*]" = "iPhone Developer";
				COPY_PHASE_STRIP = NO;
				DEBUG_INFORMATION_FORMAT = "dwarf-with-dsym";
				ENABLE_NS_ASSERTIONS = NO;
				ENABLE_STRICT_OBJC_MSGSEND = YES;
				GCC_C_LANGUAGE_STANDARD = gnu99;
				GCC_NO_COMMON_BLOCKS = YES;
				GCC_WARN_64_TO_32_BIT_CONVERSION = YES;
				GCC_WARN_ABOUT_RETURN_TYPE = YES_ERROR;
				GCC_WARN_UNDECLARED_SELECTOR = YES;
				GCC_WARN_UNINITIALIZED_AUTOS = YES_AGGRESSIVE;
				GCC_WARN_UNUSED_FUNCTION = YES;
				GCC_WARN_UNUSED_VARIABLE = YES;
				IPHONEOS_DEPLOYMENT_TARGET = 9.2;
				MTL_ENABLE_DEBUG_INFO = NO;
				SDKROOT = iphoneos;
				VALIDATE_PRODUCT = YES;
			};
			name = Release;
		};
		544ED9901C3D0A7500F53526 /* Debug */ = {
			isa = XCBuildConfiguration;
			baseConfigurationReference = 0DE3778732ACF875D363C64A /* Pods.debug.xcconfig */;
			buildSettings = {
				ASSETCATALOG_COMPILER_APPICON_NAME = AppIcon;
				GCC_PREFIX_HEADER = "$(SRCROOT)/LibraryQuoteTest/LibraryQuote-PrefixHeader.pch";
				INFOPLIST_FILE = LibraryQuoteTest/Info.plist;
				LD_RUNPATH_SEARCH_PATHS = "$(inherited) @executable_path/Frameworks";
				PRODUCT_BUNDLE_IDENTIFIER = com.Custom.LibraryQuoteTest;
				PRODUCT_NAME = "$(TARGET_NAME)";
				SWIFT_OBJC_BRIDGING_HEADER = "$(SRCROOT)/LibraryQuoteTest/BrigeHeader.h";
			};
			name = Debug;
		};
		544ED9911C3D0A7500F53526 /* Release */ = {
			isa = XCBuildConfiguration;
			baseConfigurationReference = 71BABBF0887F1D467A36416F /* Pods.release.xcconfig */;
			buildSettings = {
				ASSETCATALOG_COMPILER_APPICON_NAME = AppIcon;
				GCC_PREFIX_HEADER = "$(SRCROOT)/LibraryQuoteTest/LibraryQuote-PrefixHeader.pch";
				INFOPLIST_FILE = LibraryQuoteTest/Info.plist;
				LD_RUNPATH_SEARCH_PATHS = "$(inherited) @executable_path/Frameworks";
				PRODUCT_BUNDLE_IDENTIFIER = com.Custom.LibraryQuoteTest;
				PRODUCT_NAME = "$(TARGET_NAME)";
				SWIFT_OBJC_BRIDGING_HEADER = "$(SRCROOT)/LibraryQuoteTest/BrigeHeader.h";
			};
			name = Release;
		};
/* End XCBuildConfiguration section */

/* Begin XCConfigurationList section */
		544ED9781C3D0A7500F53526 /* Build configuration list for PBXProject "LibraryQuoteTest" */ = {
			isa = XCConfigurationList;
			buildConfigurations = (
				544ED98D1C3D0A7500F53526 /* Debug */,
				544ED98E1C3D0A7500F53526 /* Release */,
			);
			defaultConfigurationIsVisible = 0;
			defaultConfigurationName = Release;
		};
		544ED98F1C3D0A7500F53526 /* Build configuration list for PBXNativeTarget "LibraryQuoteTest" */ = {
			isa = XCConfigurationList;
			buildConfigurations = (
				544ED9901C3D0A7500F53526 /* Debug */,
				544ED9911C3D0A7500F53526 /* Release */,
			);
			defaultConfigurationIsVisible = 0;
			defaultConfigurationName = Release;
		};
/* End XCConfigurationList section */
	};
	rootObject = 544ED9751C3D0A7500F53526 /* Project object */;
}
